
Microsoft Visual Studio Solution File, Format Version 12.00
# Visual Studio Version 16
VisualStudioVersion = 16.0.30717.126
MinimumVisualStudioVersion = 10.0.40219.1
Project("{FAE04EC0-301F-11D3-BF4B-00C04F79EFBC}") = "Producer_Consumer_dotnet5", "Producer_Consumer_dotnet5\Producer_Consumer_dotnet5.csproj", "{ADF837DB-464A-4CFA-B9B7-F09AE26D79E3}"
EndProject
Global
	GlobalSection(SolutionConfigurationPlatforms) = preSolution
		Debug|Any CPU = Debug|Any CPU
		Release|Any CPU = Release|Any CPU
	EndGlobalSection
	GlobalSection(ProjectConfigurationPlatforms) = postSolution
		{ADF837DB-464A-4CFA-B9B7-F09AE26D79E3}.Debug|Any CPU.ActiveCfg = Debug|Any CPU
		{ADF837DB-464A-4CFA-B9B7-F09AE26D79E3}.Debug|Any CPU.Build.0 = Debug|Any CPU
		{ADF837DB-464A-4CFA-B9B7-F09AE26D79E3}.Release|Any CPU.ActiveCfg = Release|Any CPU
		{ADF837DB-464A-4CFA-B9B7-F09AE26D79E3}.Release|Any CPU.Build.0 = Release|Any CPU
	EndGlobalSection
	GlobalSection(SolutionProperties) = preSolution
		HideSolutionNode = FALSE
	EndGlobalSection
	GlobalSection(ExtensibilityGlobals) = postSolution
		SolutionGuid = {E2271217-09D0-4D16-87BF-D5E4F4FD56CC}
	EndGlobalSection
EndGlobal
